# @generated - this file is auto-generated by `mise lock` https://mise.jdx.dev/dev-tools/mise-lock.html

[[tools.act]]
version = "0.2.87"
backend = "aqua:nektos/act"

[[tools.actionlint]]
version = "1.7.12"
backend = "aqua:rhysd/actionlint"

[tools.actionlint."platforms.linux-arm64"]
checksum = "sha256:325e971b6ba9bfa504672e29be93c24981eeb1c07576d730e9f7c8805afff0c6"
url = "https://github.com/rhysd/actionlint/releases/download/v1.7.12/actionlint_1.7.12_linux_arm64.tar.gz"
provenance = "github-attestations"

[tools.actionlint."platforms.linux-arm64-musl"]
checksum = "sha256:325e971b6ba9bfa504672e29be93c24981eeb1c07576d730e9f7c8805afff0c6"
url = "https://github.com/rhysd/actionlint/releases/download/v1.7.12/actionlint_1.7.12_linux_arm64.tar.gz"
provenance = "github-attestations"

[tools.actionlint."platforms.linux-x64"]
checksum = "sha256:8aca8db96f1b94770f1b0d72b6dddcb1ebb8123cb3712530b08cc387b349a3d8"
url = "https://github.com/rhysd/actionlint/releases/download/v1.7.12/actionlint_1.7.12_linux_amd64.tar.gz"
provenance = "github-attestations"

[tools.actionlint."platforms.linux-x64-musl"]
checksum = "sha256:8aca8db96f1b94770f1b0d72b6dddcb1ebb8123cb3712530b08cc387b349a3d8"
url = "https://github.com/rhysd/actionlint/releases/download/v1.7.12/actionlint_1.7.12_linux_amd64.tar.gz"
provenance = "github-attestations"

[tools.actionlint."platforms.macos-arm64"]
checksum = "sha256:aba9ced2dee8d27fecca3dc7feb1a7f9a52caefa1eb46f3271ea66b6e0e6953f"
url = "https://github.com/rhysd/actionlint/releases/download/v1.7.12/actionlint_1.7.12_darwin_arm64.tar.gz"
provenance = "github-attestations"

[tools.actionlint."platforms.macos-x64"]
checksum = "sha256:5b44c3bc2255115c9b69e30efc0fecdf498fdb63c5d58e17084fd5f16324c644"
url = "https://github.com/rhysd/actionlint/releases/download/v1.7.12/actionlint_1.7.12_darwin_amd64.tar.gz"
provenance = "github-attestations"

[tools.actionlint."platforms.windows-x64"]
checksum = "sha256:6e7241b51e6817ea6a047693d8e6fed13b31819c9a0dd6c5a726e1592d22f6e9"
url = "https://github.com/rhysd/actionlint/releases/download/v1.7.12/actionlint_1.7.12_windows_amd64.zip"
provenance = "github-attestations"

[[tools.ghalint]]
version = "1.5.5"
backend = "aqua:suzuki-shunsuke/ghalint"

[tools.ghalint."platforms.linux-arm64"]
checksum = "sha256:c3ab464130015d733bfc75a2851f4fc5b3cb966aca2ed8bc0fa2a029bc0ee6af"
url = "https://github.com/suzuki-shunsuke/ghalint/releases/download/v1.5.5/ghalint_1.5.5_linux_arm64.tar.gz"
provenance = "slsa"

[tools.ghalint."platforms.linux-arm64-musl"]
checksum = "sha256:c3ab464130015d733bfc75a2851f4fc5b3cb966aca2ed8bc0fa2a029bc0ee6af"
url = "https://github.com/suzuki-shunsuke/ghalint/releases/download/v1.5.5/ghalint_1.5.5_linux_arm64.tar.gz"
provenance = "slsa"

[tools.ghalint."platforms.linux-x64"]
checksum = "sha256:579cbf9024f86a8255ce8acdd56c7792f0f9a7e76063d64cfb7b66ff65c396e4"
url = "https://github.com/suzuki-shunsuke/ghalint/releases/download/v1.5.5/ghalint_1.5.5_linux_amd64.tar.gz"
provenance = "slsa"

[tools.ghalint."platforms.linux-x64-musl"]
checksum = "sha256:579cbf9024f86a8255ce8acdd56c7792f0f9a7e76063d64cfb7b66ff65c396e4"
url = "https://github.com/suzuki-shunsuke/ghalint/releases/download/v1.5.5/ghalint_1.5.5_linux_amd64.tar.gz"
provenance = "slsa"

[tools.ghalint."platforms.macos-arm64"]
checksum = "sha256:db969e288fc788348aa7c1323096d69df28b457c70b4194fb76f14ad058c0be7"
url = "https://github.com/suzuki-shunsuke/ghalint/releases/download/v1.5.5/ghalint_1.5.5_darwin_arm64.tar.gz"
provenance = "slsa"

[tools.ghalint."platforms.macos-x64"]
checksum = "sha256:ce76aeb46f051d19a618c4e89ae5ca1d37c5a06f1bac3afb261ff619fd33045f"
url = "https://github.com/suzuki-shunsuke/ghalint/releases/download/v1.5.5/ghalint_1.5.5_darwin_amd64.tar.gz"
provenance = "slsa"

[tools.ghalint."platforms.windows-x64"]
checksum = "sha256:58c2589e7455fc05d83a28051f9098984db3fe6294f0f88aedc9691ae25eaff9"
url = "https://github.com/suzuki-shunsuke/ghalint/releases/download/v1.5.5/ghalint_1.5.5_windows_amd64.zip"
provenance = "slsa"

[[tools.zizmor]]
version = "1.24.1"
backend = "aqua:zizmorcore/zizmor"

[tools.zizmor."platforms.linux-arm64"]
checksum = "sha256:d66e37ef8a375fb07939c630ebf9709a6e0f20242bdc3faf672a7ed97e0b768d"
url = "https://github.com/zizmorcore/zizmor/releases/download/v1.24.1/zizmor-aarch64-unknown-linux-gnu.tar.gz"
provenance = "github-attestations"

[tools.zizmor."platforms.linux-arm64-musl"]
checksum = "sha256:d66e37ef8a375fb07939c630ebf9709a6e0f20242bdc3faf672a7ed97e0b768d"
url = "https://github.com/zizmorcore/zizmor/releases/download/v1.24.1/zizmor-aarch64-unknown-linux-gnu.tar.gz"
provenance = "github-attestations"

[tools.zizmor."platforms.linux-x64"]
checksum = "sha256:a8000f3c683319a523d3b20df0e75457ba591f049cfcbfa98966631b56733c03"
url = "https://github.com/zizmorcore/zizmor/releases/download/v1.24.1/zizmor-x86_64-unknown-linux-gnu.tar.gz"
provenance = "github-attestations"

[tools.zizmor."platforms.linux-x64-musl"]
checksum = "sha256:a8000f3c683319a523d3b20df0e75457ba591f049cfcbfa98966631b56733c03"
url = "https://github.com/zizmorcore/zizmor/releases/download/v1.24.1/zizmor-x86_64-unknown-linux-gnu.tar.gz"
provenance = "github-attestations"

[tools.zizmor."platforms.macos-arm64"]
checksum = "sha256:fc4ea59e18bc028dddb5f710b16dbc361b01ff1e7a20c03b8e5778366ca9f4e1"
url = "https://github.com/zizmorcore/zizmor/releases/download/v1.24.1/zizmor-aarch64-apple-darwin.tar.gz"
provenance = "github-attestations"

[tools.zizmor."platforms.macos-x64"]
checksum = "sha256:721ba70d7fca753aeef1a4ee959a9bc20c55784d4faa6c56e66129a2611fd52f"
url = "https://github.com/zizmorcore/zizmor/releases/download/v1.24.1/zizmor-x86_64-apple-darwin.tar.gz"
provenance = "github-attestations"

[tools.zizmor."platforms.windows-x64"]
checksum = "sha256:b777ec2cb1098139ba74b32e30d11ed149c69ab692d23788c466d4a31704bd4b"
url = "https://github.com/zizmorcore/zizmor/releases/download/v1.24.1/zizmor-x86_64-pc-windows-msvc.zip"
provenance = "github-attestations"
